
Microsoft Visual Studio Solution File, Format Version 12.00
# Visual Studio Version 17
VisualStudioVersion = 17.14.36121.58 d17.14
MinimumVisualStudioVersion = 10.0.40219.1
Project("{FAE04EC0-301F-11D3-BF4B-00C04F79EFBC}") = "WebPharmacy", "WebPharmacy.csproj", "{1DA46A59-040F-44AA-AE31-4B2652DC0870}"
EndProject
Global
	GlobalSection(SolutionConfigurationPlatforms) = preSolution
		Debug|Any CPU = Debug|Any CPU
		Release|Any CPU = Release|Any CPU
	EndGlobalSection
	GlobalSection(ProjectConfigurationPlatforms) = postSolution
		{1DA46A59-040F-44AA-AE31-4B2652DC0870}.Debug|Any CPU.ActiveCfg = Debug|Any CPU
		{1DA46A59-040F-44AA-AE31-4B2652DC0870}.Debug|Any CPU.Build.0 = Debug|Any CPU
		{1DA46A59-040F-44AA-AE31-4B2652DC0870}.Release|Any CPU.ActiveCfg = Release|Any CPU
		{1DA46A59-040F-44AA-AE31-4B2652DC0870}.Release|Any CPU.Build.0 = Release|Any CPU
	EndGlobalSection
	GlobalSection(SolutionProperties) = preSolution
		HideSolutionNode = FALSE
	EndGlobalSection
	GlobalSection(ExtensibilityGlobals) = postSolution
		SolutionGuid = {D8A6EB61-7593-4965-ADAC-C23F66BC5218}
	EndGlobalSection
EndGlobal
